
Microsoft Visual Studio Solution File, Format Version 12.00
# Visual Studio Version 17
VisualStudioVersion = 17.6.33815.320
MinimumVisualStudioVersion = 10.0.40219.1
Project("{9A19103F-16F7-4668-BE54-9A1E7A4F7556}") = "AuthProject", "AuthProject\AuthProject.csproj", "{1ADC117D-B574-49D6-B3A5-715ED2DA8B75}"
EndProject
Project("{FAE04EC0-301F-11D3-BF4B-00C04F79EFBC}") = "ResourceServer", "ResourceServer\ResourceServer.csproj", "{A378234A-CBF2-4A1E-8C1F-C929C2C7320A}"
EndProject
Global
	GlobalSection(SolutionConfigurationPlatforms) = preSolution
		Debug|Any CPU = Debug|Any CPU
		Release|Any CPU = Release|Any CPU
	EndGlobalSection
	GlobalSection(ProjectConfigurationPlatforms) = postSolution
		{1ADC117D-B574-49D6-B3A5-715ED2DA8B75}.Debug|Any CPU.ActiveCfg = Debug|Any CPU
		{1ADC117D-B574-49D6-B3A5-715ED2DA8B75}.Debug|Any CPU.Build.0 = Debug|Any CPU
		{1ADC117D-B574-49D6-B3A5-715ED2DA8B75}.Release|Any CPU.ActiveCfg = Release|Any CPU
		{1ADC117D-B574-49D6-B3A5-715ED2DA8B75}.Release|Any CPU.Build.0 = Release|Any CPU
		{A378234A-CBF2-4A1E-8C1F-C929C2C7320A}.Debug|Any CPU.ActiveCfg = Debug|Any CPU
		{A378234A-CBF2-4A1E-8C1F-C929C2C7320A}.Debug|Any CPU.Build.0 = Debug|Any CPU
		{A378234A-CBF2-4A1E-8C1F-C929C2C7320A}.Release|Any CPU.ActiveCfg = Release|Any CPU
		{A378234A-CBF2-4A1E-8C1F-C929C2C7320A}.Release|Any CPU.Build.0 = Release|Any CPU
	EndGlobalSection
	GlobalSection(SolutionProperties) = preSolution
		HideSolutionNode = FALSE
	EndGlobalSection
	GlobalSection(ExtensibilityGlobals) = postSolution
		SolutionGuid = {99275688-CA11-4225-87F0-C0AE4B39642A}
	EndGlobalSection
EndGlobal
